
Microsoft Visual Studio Solution File, Format Version 12.00
# Visual Studio Version 16
VisualStudioVersion = 16.0.29926.136
MinimumVisualStudioVersion = 10.0.40219.1
Project("{9092AA53-FB77-4645-B42D-1CCCA6BD08BD}") = "Stanton.Website.Portfolio", "Stanton.Website.Portfolio\Stanton.Website.Portfolio.njsproj", "{C9F472B8-BE24-4114-8144-9AD15E0162DC}"
EndProject
Global
	GlobalSection(SolutionConfigurationPlatforms) = preSolution
		Debug|Any CPU = Debug|Any CPU
		Release|Any CPU = Release|Any CPU
	EndGlobalSection
	GlobalSection(ProjectConfigurationPlatforms) = postSolution
		{C9F472B8-BE24-4114-8144-9AD15E0162DC}.Debug|Any CPU.ActiveCfg = Debug|Any CPU
		{C9F472B8-BE24-4114-8144-9AD15E0162DC}.Debug|Any CPU.Build.0 = Debug|Any CPU
		{C9F472B8-BE24-4114-8144-9AD15E0162DC}.Release|Any CPU.ActiveCfg = Release|Any CPU
		{C9F472B8-BE24-4114-8144-9AD15E0162DC}.Release|Any CPU.Build.0 = Release|Any CPU
	EndGlobalSection
	GlobalSection(SolutionProperties) = preSolution
		HideSolutionNode = FALSE
	EndGlobalSection
	GlobalSection(ExtensibilityGlobals) = postSolution
		SolutionGuid = {3F2050F4-2E81-4B44-B1E6-C59795DF1CF6}
	EndGlobalSection
EndGlobal
